github.com/emersion/go-milter v0.0.0-20190311184326-c3095a41a6fe/go.mod h1:aEaq7U51ARlk+2UeXTtdrDYeYWAUn/QjEwWzs7lD8OU=
github.com/emersion/go-msgauth v0.5.0 h1:sYB3vvl+Lrs5zhKXhbp10ChQHxCdK13KLh7fjLNE/SE=
github.com/emersion/go-msgauth v0.5.0/go.mod h1:7r9HUSXL1dq+KK7Xqg0JlyBxNFGf5+JouRvSz4wBZCQ=
golang.org/x/crypto v0.0.0-20190411191339-88737f569e3a h1:Igim7XhdOpBnWPuYJ70XcNpq8q3BCACtVgNfoJxOV7g=
golang.org/x/crypto v0.0.0-20190411191339-88737f569e3a/go.mod h1:WFFai1msRO1wXaEeE5yQxYXgSfI8pQAWXbQop6sCtWE=
golang.org/x/sys v0.0.0-20190403152447-81d4e9dc473e/go.mod h1:h1NjWce9XRLGQEsW7wpKNCjG9DtNlClVuFLEZdDNbEs=
